
Microsoft Visual Studio Solution File, Format Version 12.00
# Visual Studio 15
VisualStudioVersion = 15.0.27703.2042
MinimumVisualStudioVersion = 10.0.40219.1
Project("{FAE04EC0-301F-11D3-BF4B-00C04F79EFBC}") = "TestWebbAppNetFrame", "TestWebbAppNetFrame\TestWebbAppNetFrame.csproj", "{EE52B63D-C922-4A88-9E26-1D92F78553D5}"
EndProject
Global
	GlobalSection(SolutionConfigurationPlatforms) = preSolution
		Debug|Any CPU = Debug|Any CPU
		Release|Any CPU = Release|Any CPU
	EndGlobalSection
	GlobalSection(ProjectConfigurationPlatforms) = postSolution
		{EE52B63D-C922-4A88-9E26-1D92F78553D5}.Debug|Any CPU.ActiveCfg = Debug|Any CPU
		{EE52B63D-C922-4A88-9E26-1D92F78553D5}.Debug|Any CPU.Build.0 = Debug|Any CPU
		{EE52B63D-C922-4A88-9E26-1D92F78553D5}.Release|Any CPU.ActiveCfg = Release|Any CPU
		{EE52B63D-C922-4A88-9E26-1D92F78553D5}.Release|Any CPU.Build.0 = Release|Any CPU
	EndGlobalSection
	GlobalSection(SolutionProperties) = preSolution
		HideSolutionNode = FALSE
	EndGlobalSection
	GlobalSection(ExtensibilityGlobals) = postSolution
		SolutionGuid = {7E645732-5489-473E-9319-6C54FFC9FD04}
	EndGlobalSection
EndGlobal
